
Microsoft Visual Studio Solution File, Format Version 12.00
# Visual Studio Version 17
VisualStudioVersion = 17.14.36121.58
MinimumVisualStudioVersion = 10.0.40219.1
Project("{FAE04EC0-301F-11D3-BF4B-00C04F79EFBC}") = "Task1", "Task1\Task1.csproj", "{0C8DED95-F3FE-49E4-88A8-5D73610A3193}"
EndProject
Project("{FAE04EC0-301F-11D3-BF4B-00C04F79EFBC}") = "Task2", "Task2\Task2.csproj", "{49850358-7F6A-4124-A215-2CFACBDFD0C0}"
EndProject
Project("{FAE04EC0-301F-11D3-BF4B-00C04F79EFBC}") = "Task3", "Task3\Task3.csproj", "{92F7154A-49C1-415E-98B3-BB1B4B5F373F}"
EndProject
Project("{FAE04EC0-301F-11D3-BF4B-00C04F79EFBC}") = "Task4", "Task4\Task4.csproj", "{67A4EFF5-386D-4B36-A72C-3C0B231D04FE}"
EndProject
Global
	GlobalSection(SolutionConfigurationPlatforms) = preSolution
		Debug|Any CPU = Debug|Any CPU
		Release|Any CPU = Release|Any CPU
	EndGlobalSection
	GlobalSection(ProjectConfigurationPlatforms) = postSolution
		{0C8DED95-F3FE-49E4-88A8-5D73610A3193}.Debug|Any CPU.ActiveCfg = Debug|Any CPU
		{0C8DED95-F3FE-49E4-88A8-5D73610A3193}.Debug|Any CPU.Build.0 = Debug|Any CPU
		{0C8DED95-F3FE-49E4-88A8-5D73610A3193}.Release|Any CPU.ActiveCfg = Release|Any CPU
		{0C8DED95-F3FE-49E4-88A8-5D73610A3193}.Release|Any CPU.Build.0 = Release|Any CPU
		{49850358-7F6A-4124-A215-2CFACBDFD0C0}.Debug|Any CPU.ActiveCfg = Debug|Any CPU
		{49850358-7F6A-4124-A215-2CFACBDFD0C0}.Debug|Any CPU.Build.0 = Debug|Any CPU
		{49850358-7F6A-4124-A215-2CFACBDFD0C0}.Release|Any CPU.ActiveCfg = Release|Any CPU
		{49850358-7F6A-4124-A215-2CFACBDFD0C0}.Release|Any CPU.Build.0 = Release|Any CPU
		{92F7154A-49C1-415E-98B3-BB1B4B5F373F}.Debug|Any CPU.ActiveCfg = Debug|Any CPU
		{92F7154A-49C1-415E-98B3-BB1B4B5F373F}.Debug|Any CPU.Build.0 = Debug|Any CPU
		{92F7154A-49C1-415E-98B3-BB1B4B5F373F}.Release|Any CPU.ActiveCfg = Release|Any CPU
		{92F7154A-49C1-415E-98B3-BB1B4B5F373F}.Release|Any CPU.Build.0 = Release|Any CPU
		{67A4EFF5-386D-4B36-A72C-3C0B231D04FE}.Debug|Any CPU.ActiveCfg = Debug|Any CPU
		{67A4EFF5-386D-4B36-A72C-3C0B231D04FE}.Debug|Any CPU.Build.0 = Debug|Any CPU
		{67A4EFF5-386D-4B36-A72C-3C0B231D04FE}.Release|Any CPU.ActiveCfg = Release|Any CPU
		{67A4EFF5-386D-4B36-A72C-3C0B231D04FE}.Release|Any CPU.Build.0 = Release|Any CPU
	EndGlobalSection
	GlobalSection(SolutionProperties) = preSolution
		HideSolutionNode = FALSE
	EndGlobalSection
	GlobalSection(ExtensibilityGlobals) = postSolution
		SolutionGuid = {8AA6B865-6C69-4CDE-9D40-43FD8BABCE59}
	EndGlobalSection
EndGlobal
